
Microsoft Visual Studio Solution File, Format Version 12.00
# Visual Studio Version 17
VisualStudioVersion = 17.11.35222.181
MinimumVisualStudioVersion = 10.0.40219.1
Project("{FAE04EC0-301F-11D3-BF4B-00C04F79EFBC}") = "江西师范Web", "江西师范Web\江西师范Web.csproj", "{C7C22D2F-E546-4AAD-8443-9E9589D4B9F8}"
EndProject
Global
	GlobalSection(SolutionConfigurationPlatforms) = preSolution
		Debug|Any CPU = Debug|Any CPU
		Release|Any CPU = Release|Any CPU
	EndGlobalSection
	GlobalSection(ProjectConfigurationPlatforms) = postSolution
		{C7C22D2F-E546-4AAD-8443-9E9589D4B9F8}.Debug|Any CPU.ActiveCfg = Debug|Any CPU
		{C7C22D2F-E546-4AAD-8443-9E9589D4B9F8}.Debug|Any CPU.Build.0 = Debug|Any CPU
		{C7C22D2F-E546-4AAD-8443-9E9589D4B9F8}.Release|Any CPU.ActiveCfg = Release|Any CPU
		{C7C22D2F-E546-4AAD-8443-9E9589D4B9F8}.Release|Any CPU.Build.0 = Release|Any CPU
	EndGlobalSection
	GlobalSection(SolutionProperties) = preSolution
		HideSolutionNode = FALSE
	EndGlobalSection
	GlobalSection(ExtensibilityGlobals) = postSolution
		SolutionGuid = {18D9B026-0E16-4B83-8F00-336C42FF3E5F}
	EndGlobalSection
EndGlobal
